
Microsoft Visual Studio Solution File, Format Version 12.00
# Visual Studio Version 17
VisualStudioVersion = 17.11.35327.3
MinimumVisualStudioVersion = 10.0.40219.1
Project("{9A19103F-16F7-4668-BE54-9A1E7A4F7556}") = "SensorWebApi", "src\SensorWebApi.csproj", "{46523C6E-5418-41A2-9249-22BF9E661F18}"
EndProject
Project("{2150E333-8FDC-42A3-9474-1A3956D46DE8}") = "Solution Items", "Solution Items", "{0CF3E25C-9787-4A24-892E-091DFD43C063}"
	ProjectSection(SolutionItems) = preProject
		.gitignore = .gitignore
		Dockerfile = Dockerfile
		README.md = README.md
	EndProjectSection
EndProject
Project("{2150E333-8FDC-42A3-9474-1A3956D46DE8}") = ".build", ".build", "{2A69C7C6-742A-4019-8043-7AF704F459AB}"
	ProjectSection(SolutionItems) = preProject
		.build\compose.yaml = .build\compose.yaml
		.build\README.md = .build\README.md
	EndProjectSection
EndProject
Global
	GlobalSection(SolutionConfigurationPlatforms) = preSolution
		Debug|Any CPU = Debug|Any CPU
		Release|Any CPU = Release|Any CPU
	EndGlobalSection
	GlobalSection(ProjectConfigurationPlatforms) = postSolution
		{46523C6E-5418-41A2-9249-22BF9E661F18}.Debug|Any CPU.ActiveCfg = Debug|Any CPU
		{46523C6E-5418-41A2-9249-22BF9E661F18}.Debug|Any CPU.Build.0 = Debug|Any CPU
		{46523C6E-5418-41A2-9249-22BF9E661F18}.Release|Any CPU.ActiveCfg = Release|Any CPU
		{46523C6E-5418-41A2-9249-22BF9E661F18}.Release|Any CPU.Build.0 = Release|Any CPU
	EndGlobalSection
	GlobalSection(SolutionProperties) = preSolution
		HideSolutionNode = FALSE
	EndGlobalSection
	GlobalSection(ExtensibilityGlobals) = postSolution
		SolutionGuid = {65DC2493-197C-4A56-9B85-94F2C071DBD3}
	EndGlobalSection
EndGlobal
